
Microsoft Visual Studio Solution File, Format Version 12.00
# Visual Studio Version 17
VisualStudioVersion = 17.14.36212.18 d17.14
MinimumVisualStudioVersion = 10.0.40219.1
Project("{FAE04EC0-301F-11D3-BF4B-00C04F79EFBC}") = "week11", "week11.csproj", "{1AE02789-160C-47B8-936B-54A6D9013DDC}"
EndProject
Global
	GlobalSection(SolutionConfigurationPlatforms) = preSolution
		Debug|Any CPU = Debug|Any CPU
		Release|Any CPU = Release|Any CPU
	EndGlobalSection
	GlobalSection(ProjectConfigurationPlatforms) = postSolution
		{1AE02789-160C-47B8-936B-54A6D9013DDC}.Debug|Any CPU.ActiveCfg = Debug|Any CPU
		{1AE02789-160C-47B8-936B-54A6D9013DDC}.Debug|Any CPU.Build.0 = Debug|Any CPU
		{1AE02789-160C-47B8-936B-54A6D9013DDC}.Release|Any CPU.ActiveCfg = Release|Any CPU
		{1AE02789-160C-47B8-936B-54A6D9013DDC}.Release|Any CPU.Build.0 = Release|Any CPU
	EndGlobalSection
	GlobalSection(SolutionProperties) = preSolution
		HideSolutionNode = FALSE
	EndGlobalSection
	GlobalSection(ExtensibilityGlobals) = postSolution
		SolutionGuid = {DD4FEC59-938F-48ED-8AFC-12243B279EDB}
	EndGlobalSection
EndGlobal
