
Microsoft Visual Studio Solution File, Format Version 12.00
# Visual Studio Version 17
VisualStudioVersion = 17.14.36212.18 d17.14
MinimumVisualStudioVersion = 10.0.40219.1
Project("{FAE04EC0-301F-11D3-BF4B-00C04F79EFBC}") = "homework7COMM", "homework7COMM.csproj", "{C3221465-DCF3-4122-BD26-3C5860E126C3}"
EndProject
Global
	GlobalSection(SolutionConfigurationPlatforms) = preSolution
		Debug|Any CPU = Debug|Any CPU
		Release|Any CPU = Release|Any CPU
	EndGlobalSection
	GlobalSection(ProjectConfigurationPlatforms) = postSolution
		{C3221465-DCF3-4122-BD26-3C5860E126C3}.Debug|Any CPU.ActiveCfg = Debug|Any CPU
		{C3221465-DCF3-4122-BD26-3C5860E126C3}.Debug|Any CPU.Build.0 = Debug|Any CPU
		{C3221465-DCF3-4122-BD26-3C5860E126C3}.Release|Any CPU.ActiveCfg = Release|Any CPU
		{C3221465-DCF3-4122-BD26-3C5860E126C3}.Release|Any CPU.Build.0 = Release|Any CPU
	EndGlobalSection
	GlobalSection(SolutionProperties) = preSolution
		HideSolutionNode = FALSE
	EndGlobalSection
	GlobalSection(ExtensibilityGlobals) = postSolution
		SolutionGuid = {B463523B-51F3-4F94-BF97-5A35AB3E1C35}
	EndGlobalSection
EndGlobal
